
Microsoft Visual Studio Solution File, Format Version 12.00
# Visual Studio Version 17
VisualStudioVersion = 17.5.002.0
MinimumVisualStudioVersion = 10.0.40219.1
Project("{9A19103F-16F7-4668-BE54-9A1E7A4F7556}") = "Atividade00", "Atividade01\Atividade00.csproj", "{D8A2D869-8CCB-41ED-8DC3-8D1BBCA442EF}"
EndProject
Project("{9A19103F-16F7-4668-BE54-9A1E7A4F7556}") = "Atividade02", "Atividade02\Atividade02.csproj", "{18C27F63-1F59-4A34-AD61-C2510DCC7071}"
EndProject
Project("{9A19103F-16F7-4668-BE54-9A1E7A4F7556}") = "Atividade03", "Atividade03\Atividade03.csproj", "{2C5C0468-627C-49EF-9C0B-21DBCA83C306}"
EndProject
Project("{9A19103F-16F7-4668-BE54-9A1E7A4F7556}") = "Atividade04", "Atividade04\Atividade04.csproj", "{4ACB627F-F228-4897-A176-7FF27A3733B4}"
EndProject
Project("{9A19103F-16F7-4668-BE54-9A1E7A4F7556}") = "Atividade05", "Atividade05\Atividade05.csproj", "{3AC12EAB-BB13-4048-AC48-7283F6950D67}"
EndProject
Project("{9A19103F-16F7-4668-BE54-9A1E7A4F7556}") = "Atividade06", "Atividade06\Atividade06.csproj", "{831CEF18-AAD0-451C-9E86-AFE3D50896C6}"
EndProject
Project("{9A19103F-16F7-4668-BE54-9A1E7A4F7556}") = "Atividade07", "Atividade07\Atividade07.csproj", "{BD72A06F-D6BD-49C0-84D5-CFB5C24DD3DA}"
EndProject
Project("{9A19103F-16F7-4668-BE54-9A1E7A4F7556}") = "Atividade08", "Atividade08\Atividade08.csproj", "{26234C80-1844-4B51-AB3D-CF5AF86A53DC}"
EndProject
Project("{9A19103F-16F7-4668-BE54-9A1E7A4F7556}") = "Atividade09", "Atividade09\Atividade09.csproj", "{47807330-2F7D-408E-A234-E97C9F7FA92A}"
EndProject
Project("{9A19103F-16F7-4668-BE54-9A1E7A4F7556}") = "Atividade10", "Atividade10\Atividade10.csproj", "{ADA84797-C568-403A-864A-65FB4AE30D67}"
EndProject
Project("{9A19103F-16F7-4668-BE54-9A1E7A4F7556}") = "Atividade11", "Atividade11\Atividade11.csproj", "{8F3CE58E-3BE0-48E8-A483-6867EA438AA5}"
EndProject
Project("{9A19103F-16F7-4668-BE54-9A1E7A4F7556}") = "Atividade12", "Atividade12\Atividade12.csproj", "{31CB8F11-2F23-430E-A517-679129580088}"
EndProject
Project("{9A19103F-16F7-4668-BE54-9A1E7A4F7556}") = "Atividade13", "Atividade13\Atividade13.csproj", "{DFFC6EE7-AB5C-4E95-B0EE-8D0B6E871EC3}"
EndProject
Project("{9A19103F-16F7-4668-BE54-9A1E7A4F7556}") = "Atividade14", "Atividade14\Atividade14.csproj", "{1DA3E2FD-078E-4499-A044-7E99A0C8DBD2}"
EndProject
Project("{9A19103F-16F7-4668-BE54-9A1E7A4F7556}") = "Atividade15", "Atividade15\Atividade15.csproj", "{A206C69B-2A71-4549-87D0-6AA7002A246F}"
EndProject
Project("{9A19103F-16F7-4668-BE54-9A1E7A4F7556}") = "Atividade16", "Atividade16\Atividade16.csproj", "{F3F7F9E6-2CA6-4AD2-BD7F-EC146391C758}"
EndProject
Project("{9A19103F-16F7-4668-BE54-9A1E7A4F7556}") = "Atividade17", "Atividade17\Atividade17.csproj", "{EECA36AA-7D88-43AF-9AAF-F1FEFE72A822}"
EndProject
Project("{9A19103F-16F7-4668-BE54-9A1E7A4F7556}") = "Atividade18", "Atividade18\Atividade18.csproj", "{1AC31094-18A3-4245-A33C-F6D5FA5057E9}"
EndProject
Project("{9A19103F-16F7-4668-BE54-9A1E7A4F7556}") = "Atividade19", "Atividade19\Atividade19.csproj", "{D0A49DFA-BCF3-41BB-967E-21A19896B51D}"
EndProject
Project("{9A19103F-16F7-4668-BE54-9A1E7A4F7556}") = "Atividade20", "Atividade20\Atividade20.csproj", "{8F52FB0A-2266-4E0F-880E-08C4938E0D82}"
EndProject
Project("{9A19103F-16F7-4668-BE54-9A1E7A4F7556}") = "Atividade21", "Atividade21\Atividade21.csproj", "{D36F5B04-AE20-482E-BCFC-ED6411313E29}"
EndProject
Project("{9A19103F-16F7-4668-BE54-9A1E7A4F7556}") = "Atividade22", "Atividade22\Atividade22.csproj", "{1B7CBAFF-1080-4BAF-8D5B-54AEC28F300F}"
EndProject
Project("{9A19103F-16F7-4668-BE54-9A1E7A4F7556}") = "Atividade23", "Atividade23\Atividade23.csproj", "{62726E2B-766D-47E4-AB31-AC7BDE453299}"
EndProject
Project("{9A19103F-16F7-4668-BE54-9A1E7A4F7556}") = "Atividade24", "Atividade24\Atividade24.csproj", "{C3A6C789-C044-4400-BC8D-A494E39FCDDE}"
EndProject
Project("{9A19103F-16F7-4668-BE54-9A1E7A4F7556}") = "Atividade25", "Atividade25\Atividade25.csproj", "{7EB9D932-DC90-44A0-AC7A-B90BCBDC43D1}"
EndProject
Project("{9A19103F-16F7-4668-BE54-9A1E7A4F7556}") = "Atividade26", "Atividade26\Atividade26.csproj", "{880FC426-B626-460C-94CA-C3F71DA01263}"
EndProject
Project("{9A19103F-16F7-4668-BE54-9A1E7A4F7556}") = "Atividade27", "Atividade27\Atividade27.csproj", "{8CC3D1A3-7F71-4DAF-963D-2992BD18224D}"
EndProject
Project("{9A19103F-16F7-4668-BE54-9A1E7A4F7556}") = "Atividade28", "Atividade28\Atividade28.csproj", "{E827293C-78C4-43E3-84C0-C8B53ADBD02E}"
EndProject
Project("{9A19103F-16F7-4668-BE54-9A1E7A4F7556}") = "Atividade29", "Atividade29\Atividade29.csproj", "{04D4864A-8123-427D-BAF1-E9352D2CBFC5}"
EndProject
Project("{9A19103F-16F7-4668-BE54-9A1E7A4F7556}") = "Atividade30", "Atividade30\Atividade30.csproj", "{B03CCCE7-6A3F-4243-8811-2324E3D7ACCE}"
EndProject
Project("{9A19103F-16F7-4668-BE54-9A1E7A4F7556}") = "Atividade31", "Atividade31\Atividade31.csproj", "{46D72ACA-49CB-4CCB-8215-A88D74952A42}"
EndProject
Project("{9A19103F-16F7-4668-BE54-9A1E7A4F7556}") = "Atividade32", "Atividade32\Atividade32.csproj", "{C373F046-995C-4F0A-8FAF-97D6BEAFC97A}"
EndProject
Project("{9A19103F-16F7-4668-BE54-9A1E7A4F7556}") = "Atividade33", "Atividade33\Atividade33.csproj", "{C75DA43B-4803-4415-9B1B-B58EE80D4777}"
EndProject
Project("{9A19103F-16F7-4668-BE54-9A1E7A4F7556}") = "Atividade34", "Atividade34\Atividade34.csproj", "{3A816792-53A7-4C35-81BB-2474FD8E4D5E}"
EndProject
Project("{9A19103F-16F7-4668-BE54-9A1E7A4F7556}") = "Atividade35", "Atividade35\Atividade35.csproj", "{719DB652-E8AA-4935-8135-F76EA81A0BA1}"
EndProject
Project("{9A19103F-16F7-4668-BE54-9A1E7A4F7556}") = "Atividade36", "Atividade36\Atividade36.csproj", "{E5AA0A96-5E1B-45D5-880B-D8A4C11AF874}"
EndProject
Project("{9A19103F-16F7-4668-BE54-9A1E7A4F7556}") = "Atividade37", "Atividade37\Atividade37.csproj", "{4F4704D0-8258-4C20-AE00-CD316F0CF9C4}"
EndProject
Project("{9A19103F-16F7-4668-BE54-9A1E7A4F7556}") = "Atividade38", "Atividade38\Atividade38.csproj", "{4BCDF9EC-A52A-4CB1-830C-6BFF435EFC15}"
EndProject
Project("{9A19103F-16F7-4668-BE54-9A1E7A4F7556}") = "Atividade39", "Atividade39\Atividade39.csproj", "{27524829-2B3F-407A-978F-F12BA5E9BB1F}"
EndProject
Global
	GlobalSection(SolutionConfigurationPlatforms) = preSolution
		Debug|Any CPU = Debug|Any CPU
		Release|Any CPU = Release|Any CPU
	EndGlobalSection
	GlobalSection(ProjectConfigurationPlatforms) = postSolution
		{D8A2D869-8CCB-41ED-8DC3-8D1BBCA442EF}.Debug|Any CPU.ActiveCfg = Debug|Any CPU
		{D8A2D869-8CCB-41ED-8DC3-8D1BBCA442EF}.Debug|Any CPU.Build.0 = Debug|Any CPU
		{D8A2D869-8CCB-41ED-8DC3-8D1BBCA442EF}.Release|Any CPU.ActiveCfg = Release|Any CPU
		{D8A2D869-8CCB-41ED-8DC3-8D1BBCA442EF}.Release|Any CPU.Build.0 = Release|Any CPU
		{18C27F63-1F59-4A34-AD61-C2510DCC7071}.Debug|Any CPU.ActiveCfg = Debug|Any CPU
		{18C27F63-1F59-4A34-AD61-C2510DCC7071}.Debug|Any CPU.Build.0 = Debug|Any CPU
		{18C27F63-1F59-4A34-AD61-C2510DCC7071}.Release|Any CPU.ActiveCfg = Release|Any CPU
		{18C27F63-1F59-4A34-AD61-C2510DCC7071}.Release|Any CPU.Build.0 = Release|Any CPU
		{2C5C0468-627C-49EF-9C0B-21DBCA83C306}.Debug|Any CPU.ActiveCfg = Debug|Any CPU
		{2C5C0468-627C-49EF-9C0B-21DBCA83C306}.Debug|Any CPU.Build.0 = Debug|Any CPU
		{2C5C0468-627C-49EF-9C0B-21DBCA83C306}.Release|Any CPU.ActiveCfg = Release|Any CPU
		{2C5C0468-627C-49EF-9C0B-21DBCA83C306}.Release|Any CPU.Build.0 = Release|Any CPU
		{4ACB627F-F228-4897-A176-7FF27A3733B4}.Debug|Any CPU.ActiveCfg = Debug|Any CPU
		{4ACB627F-F228-4897-A176-7FF27A3733B4}.Debug|Any CPU.Build.0 = Debug|Any CPU
		{4ACB627F-F228-4897-A176-7FF27A3733B4}.Release|Any CPU.ActiveCfg = Release|Any CPU
		{4ACB627F-F228-4897-A176-7FF27A3733B4}.Release|Any CPU.Build.0 = Release|Any CPU
		{3AC12EAB-BB13-4048-AC48-7283F6950D67}.Debug|Any CPU.ActiveCfg = Debug|Any CPU
		{3AC12EAB-BB13-4048-AC48-7283F6950D67}.Debug|Any CPU.Build.0 = Debug|Any CPU
		{3AC12EAB-BB13-4048-AC48-7283F6950D67}.Release|Any CPU.ActiveCfg = Release|Any CPU
		{3AC12EAB-BB13-4048-AC48-7283F6950D67}.Release|Any CPU.Build.0 = Release|Any CPU
		{831CEF18-AAD0-451C-9E86-AFE3D50896C6}.Debug|Any CPU.ActiveCfg = Debug|Any CPU
		{831CEF18-AAD0-451C-9E86-AFE3D50896C6}.Debug|Any CPU.Build.0 = Debug|Any CPU
		{831CEF18-AAD0-451C-9E86-AFE3D50896C6}.Release|Any CPU.ActiveCfg = Release|Any CPU
		{831CEF18-AAD0-451C-9E86-AFE3D50896C6}.Release|Any CPU.Build.0 = Release|Any CPU
		{BD72A06F-D6BD-49C0-84D5-CFB5C24DD3DA}.Debug|Any CPU.ActiveCfg = Debug|Any CPU
		{BD72A06F-D6BD-49C0-84D5-CFB5C24DD3DA}.Debug|Any CPU.Build.0 = Debug|Any CPU
		{BD72A06F-D6BD-49C0-84D5-CFB5C24DD3DA}.Release|Any CPU.ActiveCfg = Release|Any CPU
		{BD72A06F-D6BD-49C0-84D5-CFB5C24DD3DA}.Release|Any CPU.Build.0 = Release|Any CPU
		{26234C80-1844-4B51-AB3D-CF5AF86A53DC}.Debug|Any CPU.ActiveCfg = Debug|Any CPU
		{26234C80-1844-4B51-AB3D-CF5AF86A53DC}.Debug|Any CPU.Build.0 = Debug|Any CPU
		{26234C80-1844-4B51-AB3D-CF5AF86A53DC}.Release|Any CPU.ActiveCfg = Release|Any CPU
		{26234C80-1844-4B51-AB3D-CF5AF86A53DC}.Release|Any CPU.Build.0 = Release|Any CPU
		{47807330-2F7D-408E-A234-E97C9F7FA92A}.Debug|Any CPU.ActiveCfg = Debug|Any CPU
		{47807330-2F7D-408E-A234-E97C9F7FA92A}.Debug|Any CPU.Build.0 = Debug|Any CPU
		{47807330-2F7D-408E-A234-E97C9F7FA92A}.Release|Any CPU.ActiveCfg = Release|Any CPU
		{47807330-2F7D-408E-A234-E97C9F7FA92A}.Release|Any CPU.Build.0 = Release|Any CPU
		{ADA84797-C568-403A-864A-65FB4AE30D67}.Debug|Any CPU.ActiveCfg = Debug|Any CPU
		{ADA84797-C568-403A-864A-65FB4AE30D67}.Debug|Any CPU.Build.0 = Debug|Any CPU
		{ADA84797-C568-403A-864A-65FB4AE30D67}.Release|Any CPU.ActiveCfg = Release|Any CPU
		{ADA84797-C568-403A-864A-65FB4AE30D67}.Release|Any CPU.Build.0 = Release|Any CPU
		{8F3CE58E-3BE0-48E8-A483-6867EA438AA5}.Debug|Any CPU.ActiveCfg = Debug|Any CPU
		{8F3CE58E-3BE0-48E8-A483-6867EA438AA5}.Debug|Any CPU.Build.0 = Debug|Any CPU
		{8F3CE58E-3BE0-48E8-A483-6867EA438AA5}.Release|Any CPU.ActiveCfg = Release|Any CPU
		{8F3CE58E-3BE0-48E8-A483-6867EA438AA5}.Release|Any CPU.Build.0 = Release|Any CPU
		{31CB8F11-2F23-430E-A517-679129580088}.Debug|Any CPU.ActiveCfg = Debug|Any CPU
		{31CB8F11-2F23-430E-A517-679129580088}.Debug|Any CPU.Build.0 = Debug|Any CPU
		{31CB8F11-2F23-430E-A517-679129580088}.Release|Any CPU.ActiveCfg = Release|Any CPU
		{31CB8F11-2F23-430E-A517-679129580088}.Release|Any CPU.Build.0 = Release|Any CPU
		{DFFC6EE7-AB5C-4E95-B0EE-8D0B6E871EC3}.Debug|Any CPU.ActiveCfg = Debug|Any CPU
		{DFFC6EE7-AB5C-4E95-B0EE-8D0B6E871EC3}.Debug|Any CPU.Build.0 = Debug|Any CPU
		{DFFC6EE7-AB5C-4E95-B0EE-8D0B6E871EC3}.Release|Any CPU.ActiveCfg = Release|Any CPU
		{DFFC6EE7-AB5C-4E95-B0EE-8D0B6E871EC3}.Release|Any CPU.Build.0 = Release|Any CPU
		{1DA3E2FD-078E-4499-A044-7E99A0C8DBD2}.Debug|Any CPU.ActiveCfg = Debug|Any CPU
		{1DA3E2FD-078E-4499-A044-7E99A0C8DBD2}.Debug|Any CPU.Build.0 = Debug|Any CPU
		{1DA3E2FD-078E-4499-A044-7E99A0C8DBD2}.Release|Any CPU.ActiveCfg = Release|Any CPU
		{1DA3E2FD-078E-4499-A044-7E99A0C8DBD2}.Release|Any CPU.Build.0 = Release|Any CPU
		{A206C69B-2A71-4549-87D0-6AA7002A246F}.Debug|Any CPU.ActiveCfg = Debug|Any CPU
		{A206C69B-2A71-4549-87D0-6AA7002A246F}.Debug|Any CPU.Build.0 = Debug|Any CPU
		{A206C69B-2A71-4549-87D0-6AA7002A246F}.Release|Any CPU.ActiveCfg = Release|Any CPU
		{A206C69B-2A71-4549-87D0-6AA7002A246F}.Release|Any CPU.Build.0 = Release|Any CPU
		{F3F7F9E6-2CA6-4AD2-BD7F-EC146391C758}.Debug|Any CPU.ActiveCfg = Debug|Any CPU
		{F3F7F9E6-2CA6-4AD2-BD7F-EC146391C758}.Debug|Any CPU.Build.0 = Debug|Any CPU
		{F3F7F9E6-2CA6-4AD2-BD7F-EC146391C758}.Release|Any CPU.ActiveCfg = Release|Any CPU
		{F3F7F9E6-2CA6-4AD2-BD7F-EC146391C758}.Release|Any CPU.Build.0 = Release|Any CPU
		{EECA36AA-7D88-43AF-9AAF-F1FEFE72A822}.Debug|Any CPU.ActiveCfg = Debug|Any CPU
		{EECA36AA-7D88-43AF-9AAF-F1FEFE72A822}.Debug|Any CPU.Build.0 = Debug|Any CPU
		{EECA36AA-7D88-43AF-9AAF-F1FEFE72A822}.Release|Any CPU.ActiveCfg = Release|Any CPU
		{EECA36AA-7D88-43AF-9AAF-F1FEFE72A822}.Release|Any CPU.Build.0 = Release|Any CPU
		{1AC31094-18A3-4245-A33C-F6D5FA5057E9}.Debug|Any CPU.ActiveCfg = Debug|Any CPU
		{1AC31094-18A3-4245-A33C-F6D5FA5057E9}.Debug|Any CPU.Build.0 = Debug|Any CPU
		{1AC31094-18A3-4245-A33C-F6D5FA5057E9}.Release|Any CPU.ActiveCfg = Release|Any CPU
		{1AC31094-18A3-4245-A33C-F6D5FA5057E9}.Release|Any CPU.Build.0 = Release|Any CPU
		{D0A49DFA-BCF3-41BB-967E-21A19896B51D}.Debug|Any CPU.ActiveCfg = Debug|Any CPU
		{D0A49DFA-BCF3-41BB-967E-21A19896B51D}.Debug|Any CPU.Build.0 = Debug|Any CPU
		{D0A49DFA-BCF3-41BB-967E-21A19896B51D}.Release|Any CPU.ActiveCfg = Release|Any CPU
		{D0A49DFA-BCF3-41BB-967E-21A19896B51D}.Release|Any CPU.Build.0 = Release|Any CPU
		{8F52FB0A-2266-4E0F-880E-08C4938E0D82}.Debug|Any CPU.ActiveCfg = Debug|Any CPU
		{8F52FB0A-2266-4E0F-880E-08C4938E0D82}.Debug|Any CPU.Build.0 = Debug|Any CPU
		{8F52FB0A-2266-4E0F-880E-08C4938E0D82}.Release|Any CPU.ActiveCfg = Release|Any CPU
		{8F52FB0A-2266-4E0F-880E-08C4938E0D82}.Release|Any CPU.Build.0 = Release|Any CPU
		{D36F5B04-AE20-482E-BCFC-ED6411313E29}.Debug|Any CPU.ActiveCfg = Debug|Any CPU
		{D36F5B04-AE20-482E-BCFC-ED6411313E29}.Debug|Any CPU.Build.0 = Debug|Any CPU
		{D36F5B04-AE20-482E-BCFC-ED6411313E29}.Release|Any CPU.ActiveCfg = Release|Any CPU
		{D36F5B04-AE20-482E-BCFC-ED6411313E29}.Release|Any CPU.Build.0 = Release|Any CPU
		{1B7CBAFF-1080-4BAF-8D5B-54AEC28F300F}.Debug|Any CPU.ActiveCfg = Debug|Any CPU
		{1B7CBAFF-1080-4BAF-8D5B-54AEC28F300F}.Debug|Any CPU.Build.0 = Debug|Any CPU
		{1B7CBAFF-1080-4BAF-8D5B-54AEC28F300F}.Release|Any CPU.ActiveCfg = Release|Any CPU
		{1B7CBAFF-1080-4BAF-8D5B-54AEC28F300F}.Release|Any CPU.Build.0 = Release|Any CPU
		{62726E2B-766D-47E4-AB31-AC7BDE453299}.Debug|Any CPU.ActiveCfg = Debug|Any CPU
		{62726E2B-766D-47E4-AB31-AC7BDE453299}.Debug|Any CPU.Build.0 = Debug|Any CPU
		{62726E2B-766D-47E4-AB31-AC7BDE453299}.Release|Any CPU.ActiveCfg = Release|Any CPU
		{62726E2B-766D-47E4-AB31-AC7BDE453299}.Release|Any CPU.Build.0 = Release|Any CPU
		{C3A6C789-C044-4400-BC8D-A494E39FCDDE}.Debug|Any CPU.ActiveCfg = Debug|Any CPU
		{C3A6C789-C044-4400-BC8D-A494E39FCDDE}.Debug|Any CPU.Build.0 = Debug|Any CPU
		{C3A6C789-C044-4400-BC8D-A494E39FCDDE}.Release|Any CPU.ActiveCfg = Release|Any CPU
		{C3A6C789-C044-4400-BC8D-A494E39FCDDE}.Release|Any CPU.Build.0 = Release|Any CPU
		{7EB9D932-DC90-44A0-AC7A-B90BCBDC43D1}.Debug|Any CPU.ActiveCfg = Debug|Any CPU
		{7EB9D932-DC90-44A0-AC7A-B90BCBDC43D1}.Debug|Any CPU.Build.0 = Debug|Any CPU
		{7EB9D932-DC90-44A0-AC7A-B90BCBDC43D1}.Release|Any CPU.ActiveCfg = Release|Any CPU
		{7EB9D932-DC90-44A0-AC7A-B90BCBDC43D1}.Release|Any CPU.Build.0 = Release|Any CPU
		{880FC426-B626-460C-94CA-C3F71DA01263}.Debug|Any CPU.ActiveCfg = Debug|Any CPU
		{880FC426-B626-460C-94CA-C3F71DA01263}.Debug|Any CPU.Build.0 = Debug|Any CPU
		{880FC426-B626-460C-94CA-C3F71DA01263}.Release|Any CPU.ActiveCfg = Release|Any CPU
		{880FC426-B626-460C-94CA-C3F71DA01263}.Release|Any CPU.Build.0 = Release|Any CPU
		{8CC3D1A3-7F71-4DAF-963D-2992BD18224D}.Debug|Any CPU.ActiveCfg = Debug|Any CPU
		{8CC3D1A3-7F71-4DAF-963D-2992BD18224D}.Debug|Any CPU.Build.0 = Debug|Any CPU
		{8CC3D1A3-7F71-4DAF-963D-2992BD18224D}.Release|Any CPU.ActiveCfg = Release|Any CPU
		{8CC3D1A3-7F71-4DAF-963D-2992BD18224D}.Release|Any CPU.Build.0 = Release|Any CPU
		{E827293C-78C4-43E3-84C0-C8B53ADBD02E}.Debug|Any CPU.ActiveCfg = Debug|Any CPU
		{E827293C-78C4-43E3-84C0-C8B53ADBD02E}.Debug|Any CPU.Build.0 = Debug|Any CPU
		{E827293C-78C4-43E3-84C0-C8B53ADBD02E}.Release|Any CPU.ActiveCfg = Release|Any CPU
		{E827293C-78C4-43E3-84C0-C8B53ADBD02E}.Release|Any CPU.Build.0 = Release|Any CPU
		{04D4864A-8123-427D-BAF1-E9352D2CBFC5}.Debug|Any CPU.ActiveCfg = Debug|Any CPU
		{04D4864A-8123-427D-BAF1-E9352D2CBFC5}.Debug|Any CPU.Build.0 = Debug|Any CPU
		{04D4864A-8123-427D-BAF1-E9352D2CBFC5}.Release|Any CPU.ActiveCfg = Release|Any CPU
		{04D4864A-8123-427D-BAF1-E9352D2CBFC5}.Release|Any CPU.Build.0 = Release|Any CPU
		{B03CCCE7-6A3F-4243-8811-2324E3D7ACCE}.Debug|Any CPU.ActiveCfg = Debug|Any CPU
		{B03CCCE7-6A3F-4243-8811-2324E3D7ACCE}.Debug|Any CPU.Build.0 = Debug|Any CPU
		{B03CCCE7-6A3F-4243-8811-2324E3D7ACCE}.Release|Any CPU.ActiveCfg = Release|Any CPU
		{B03CCCE7-6A3F-4243-8811-2324E3D7ACCE}.Release|Any CPU.Build.0 = Release|Any CPU
		{46D72ACA-49CB-4CCB-8215-A88D74952A42}.Debug|Any CPU.ActiveCfg = Debug|Any CPU
		{46D72ACA-49CB-4CCB-8215-A88D74952A42}.Debug|Any CPU.Build.0 = Debug|Any CPU
		{46D72ACA-49CB-4CCB-8215-A88D74952A42}.Release|Any CPU.ActiveCfg = Release|Any CPU
		{46D72ACA-49CB-4CCB-8215-A88D74952A42}.Release|Any CPU.Build.0 = Release|Any CPU
		{C373F046-995C-4F0A-8FAF-97D6BEAFC97A}.Debug|Any CPU.ActiveCfg = Debug|Any CPU
		{C373F046-995C-4F0A-8FAF-97D6BEAFC97A}.Debug|Any CPU.Build.0 = Debug|Any CPU
		{C373F046-995C-4F0A-8FAF-97D6BEAFC97A}.Release|Any CPU.ActiveCfg = Release|Any CPU
		{C373F046-995C-4F0A-8FAF-97D6BEAFC97A}.Release|Any CPU.Build.0 = Release|Any CPU
		{C75DA43B-4803-4415-9B1B-B58EE80D4777}.Debug|Any CPU.ActiveCfg = Debug|Any CPU
		{C75DA43B-4803-4415-9B1B-B58EE80D4777}.Debug|Any CPU.Build.0 = Debug|Any CPU
		{C75DA43B-4803-4415-9B1B-B58EE80D4777}.Release|Any CPU.ActiveCfg = Release|Any CPU
		{C75DA43B-4803-4415-9B1B-B58EE80D4777}.Release|Any CPU.Build.0 = Release|Any CPU
		{3A816792-53A7-4C35-81BB-2474FD8E4D5E}.Debug|Any CPU.ActiveCfg = Debug|Any CPU
		{3A816792-53A7-4C35-81BB-2474FD8E4D5E}.Debug|Any CPU.Build.0 = Debug|Any CPU
		{3A816792-53A7-4C35-81BB-2474FD8E4D5E}.Release|Any CPU.ActiveCfg = Release|Any CPU
		{3A816792-53A7-4C35-81BB-2474FD8E4D5E}.Release|Any CPU.Build.0 = Release|Any CPU
		{719DB652-E8AA-4935-8135-F76EA81A0BA1}.Debug|Any CPU.ActiveCfg = Debug|Any CPU
		{719DB652-E8AA-4935-8135-F76EA81A0BA1}.Debug|Any CPU.Build.0 = Debug|Any CPU
		{719DB652-E8AA-4935-8135-F76EA81A0BA1}.Release|Any CPU.ActiveCfg = Release|Any CPU
		{719DB652-E8AA-4935-8135-F76EA81A0BA1}.Release|Any CPU.Build.0 = Release|Any CPU
		{E5AA0A96-5E1B-45D5-880B-D8A4C11AF874}.Debug|Any CPU.ActiveCfg = Debug|Any CPU
		{E5AA0A96-5E1B-45D5-880B-D8A4C11AF874}.Debug|Any CPU.Build.0 = Debug|Any CPU
		{E5AA0A96-5E1B-45D5-880B-D8A4C11AF874}.Release|Any CPU.ActiveCfg = Release|Any CPU
		{E5AA0A96-5E1B-45D5-880B-D8A4C11AF874}.Release|Any CPU.Build.0 = Release|Any CPU
		{4F4704D0-8258-4C20-AE00-CD316F0CF9C4}.Debug|Any CPU.ActiveCfg = Debug|Any CPU
		{4F4704D0-8258-4C20-AE00-CD316F0CF9C4}.Debug|Any CPU.Build.0 = Debug|Any CPU
		{4F4704D0-8258-4C20-AE00-CD316F0CF9C4}.Release|Any CPU.ActiveCfg = Release|Any CPU
		{4F4704D0-8258-4C20-AE00-CD316F0CF9C4}.Release|Any CPU.Build.0 = Release|Any CPU
		{4BCDF9EC-A52A-4CB1-830C-6BFF435EFC15}.Debug|Any CPU.ActiveCfg = Debug|Any CPU
		{4BCDF9EC-A52A-4CB1-830C-6BFF435EFC15}.Debug|Any CPU.Build.0 = Debug|Any CPU
		{4BCDF9EC-A52A-4CB1-830C-6BFF435EFC15}.Release|Any CPU.ActiveCfg = Release|Any CPU
		{4BCDF9EC-A52A-4CB1-830C-6BFF435EFC15}.Release|Any CPU.Build.0 = Release|Any CPU
		{27524829-2B3F-407A-978F-F12BA5E9BB1F}.Debug|Any CPU.ActiveCfg = Debug|Any CPU
		{27524829-2B3F-407A-978F-F12BA5E9BB1F}.Debug|Any CPU.Build.0 = Debug|Any CPU
		{27524829-2B3F-407A-978F-F12BA5E9BB1F}.Release|Any CPU.ActiveCfg = Release|Any CPU
		{27524829-2B3F-407A-978F-F12BA5E9BB1F}.Release|Any CPU.Build.0 = Release|Any CPU
	EndGlobalSection
	GlobalSection(SolutionProperties) = preSolution
		HideSolutionNode = FALSE
	EndGlobalSection
	GlobalSection(ExtensibilityGlobals) = postSolution
		SolutionGuid = {286DB034-C13A-42A9-8B76-BD2B46343264}
	EndGlobalSection
EndGlobal
